
Microsoft Visual Studio Solution File, Format Version 12.00
# Visual Studio 15
VisualStudioVersion = 15.0.27703.2035
MinimumVisualStudioVersion = 10.0.40219.1
Project("{FAE04EC0-301F-11D3-BF4B-00C04F79EFBC}") = "Mvc_Basic", "Mvc_Basic\Mvc_Basic.csproj", "{0D955090-2A82-4ECB-92BB-85489AA1702B}"
EndProject
Project("{FAE04EC0-301F-11D3-BF4B-00C04F79EFBC}") = "DomailEntity", "..\..\..\Desktop\DomailEntity\DomailEntity.csproj", "{846CB63D-492D-4517-B00E-E1644E263AF4}"
EndProject
Global
	GlobalSection(SolutionConfigurationPlatforms) = preSolution
		Debug|Any CPU = Debug|Any CPU
		Release|Any CPU = Release|Any CPU
	EndGlobalSection
	GlobalSection(ProjectConfigurationPlatforms) = postSolution
		{0D955090-2A82-4ECB-92BB-85489AA1702B}.Debug|Any CPU.ActiveCfg = Debug|Any CPU
		{0D955090-2A82-4ECB-92BB-85489AA1702B}.Debug|Any CPU.Build.0 = Debug|Any CPU
		{0D955090-2A82-4ECB-92BB-85489AA1702B}.Release|Any CPU.ActiveCfg = Release|Any CPU
		{0D955090-2A82-4ECB-92BB-85489AA1702B}.Release|Any CPU.Build.0 = Release|Any CPU
		{846CB63D-492D-4517-B00E-E1644E263AF4}.Debug|Any CPU.ActiveCfg = Debug|Any CPU
		{846CB63D-492D-4517-B00E-E1644E263AF4}.Debug|Any CPU.Build.0 = Debug|Any CPU
		{846CB63D-492D-4517-B00E-E1644E263AF4}.Release|Any CPU.ActiveCfg = Release|Any CPU
		{846CB63D-492D-4517-B00E-E1644E263AF4}.Release|Any CPU.Build.0 = Release|Any CPU
	EndGlobalSection
	GlobalSection(SolutionProperties) = preSolution
		HideSolutionNode = FALSE
	EndGlobalSection
	GlobalSection(ExtensibilityGlobals) = postSolution
		SolutionGuid = {A949EF66-6918-4C9F-8C5B-5C3E67FD6096}
	EndGlobalSection
EndGlobal
